// !$*UTF8*$!
{
	archiveVersion = 1;
	classes = {
	};
	objectVersion = 46;
	objects = {

/* Begin PBXBuildFile section */
		171F1DDF1C0B748500BE1606 /* detailMeetingView.m in Sources */ = {isa = PBXBuildFile; fileRef = 171F1DDE1C0B748500BE1606 /* detailMeetingView.m */; };
		171F1DE21C0B749500BE1606 /* detailClassView.m in Sources */ = {isa = PBXBuildFile; fileRef = 171F1DE11C0B749500BE1606 /* detailClassView.m */; };
		171F1DE41C0B74AC00BE1606 /* detailMeetingView.xib in Resources */ = {isa = PBXBuildFile; fileRef = 171F1DE31C0B74AC00BE1606 /* detailMeetingView.xib */; };
		171F1DE61C0B74B400BE1606 /* detailClassView.xib in Resources */ = {isa = PBXBuildFile; fileRef = 171F1DE51C0B74B400BE1606 /* detailClassView.xib */; };
		174C20261BE72DA000B51129 /* addMeetingView.m in Sources */ = {isa = PBXBuildFile; fileRef = 174C20251BE72DA000B51129 /* addMeetingView.m */; };
		174C20281BE7310700B51129 /* addMeetingView.xib in Resources */ = {isa = PBXBuildFile; fileRef = 174C20271BE7310700B51129 /* addMeetingView.xib */; };
		174C202B1BE7C81900B51129 /* scheduleCell.xib in Resources */ = {isa = PBXBuildFile; fileRef = 174C202A1BE7C81900B51129 /* scheduleCell.xib */; };
		174C202E1BE7C83900B51129 /* scheduleCell.m in Sources */ = {isa = PBXBuildFile; fileRef = 174C202D1BE7C83900B51129 /* scheduleCell.m */; };
		174C20341BE7CC0100B51129 /* meetingCell.m in Sources */ = {isa = PBXBuildFile; fileRef = 174C20331BE7CC0100B51129 /* meetingCell.m */; };
		178196521BD2DF7D00702C2D /* logIn.m in Sources */ = {isa = PBXBuildFile; fileRef = 178196511BD2DF7D00702C2D /* logIn.m */; };
		178196671BD2FBA200702C2D /* FBSDKCoreKit.framework in Frameworks */ = {isa = PBXBuildFile; fileRef = 178196641BD2FBA100702C2D /* FBSDKCoreKit.framework */; };
		178196681BD2FBA200702C2D /* FBSDKLoginKit.framework in Frameworks */ = {isa = PBXBuildFile; fileRef = 178196651BD2FBA100702C2D /* FBSDKLoginKit.framework */; };
		178196691BD2FBA200702C2D /* FBSDKShareKit.framework in Frameworks */ = {isa = PBXBuildFile; fileRef = 178196661BD2FBA200702C2D /* FBSDKShareKit.framework */; };
		1781966D1BD3472300702C2D /* Accounts.framework in Frameworks */ = {isa = PBXBuildFile; fileRef = 1781966C1BD3472300702C2D /* Accounts.framework */; };
		17C4A1861BE67252005F8EAF /* schedule.m in Sources */ = {isa = PBXBuildFile; fileRef = 17C4A1851BE67252005F8EAF /* schedule.m */; };
		17C4A1AB1BE6774E005F8EAF /* CLWeeklyCalendarView.m in Sources */ = {isa = PBXBuildFile; fileRef = 17C4A19E1BE6774E005F8EAF /* CLWeeklyCalendarView.m */; };
		17C4A1AC1BE6774E005F8EAF /* DailyCalendarView.m in Sources */ = {isa = PBXBuildFile; fileRef = 17C4A1A01BE6774E005F8EAF /* DailyCalendarView.m */; };
		17C4A1AD1BE6774E005F8EAF /* DayTitleLabel.m in Sources */ = {isa = PBXBuildFile; fileRef = 17C4A1A21BE6774E005F8EAF /* DayTitleLabel.m */; };
		17C4A1AE1BE6774E005F8EAF /* NSDate+CL.m in Sources */ = {isa = PBXBuildFile; fileRef = 17C4A1A41BE6774E005F8EAF /* NSDate+CL.m */; };
		17C4A1AF1BE6774E005F8EAF /* NSDictionary+CL.m in Sources */ = {isa = PBXBuildFile; fileRef = 17C4A1A61BE6774E005F8EAF /* NSDictionary+CL.m */; };
		17C4A1B01BE6774E005F8EAF /* UIColor+CL.m in Sources */ = {isa = PBXBuildFile; fileRef = 17C4A1A81BE6774E005F8EAF /* UIColor+CL.m */; };
		17C4A1B11BE6774E005F8EAF /* UIImage+CL.m in Sources */ = {isa = PBXBuildFile; fileRef = 17C4A1AA1BE6774E005F8EAF /* UIImage+CL.m */; };
		17C4A1B51BE67E08005F8EAF /* addClassView.m in Sources */ = {isa = PBXBuildFile; fileRef = 17C4A1B41BE67E08005F8EAF /* addClassView.m */; };
		17C4A1B71BE68331005F8EAF /* addClassView.xib in Resources */ = {isa = PBXBuildFile; fileRef = 17C4A1B61BE68331005F8EAF /* addClassView.xib */; };
		17C4A1C91BE71DF3005F8EAF /* meetings.m in Sources */ = {isa = PBXBuildFile; fileRef = 17C4A1C81BE71DF3005F8EAF /* meetings.m */; };
		17F89A741BB0649A00E2A615 /* main.m in Sources */ = {isa = PBXBuildFile; fileRef = 17F89A731BB0649A00E2A615 /* main.m */; };
		17F89A771BB0649A00E2A615 /* AppDelegate.m in Sources */ = {isa = PBXBuildFile; fileRef = 17F89A761BB0649A00E2A615 /* AppDelegate.m */; };
		17F89A7A1BB0649A00E2A615 /* splashScreen.m in Sources */ = {isa = PBXBuildFile; fileRef = 17F89A791BB0649A00E2A615 /* splashScreen.m */; };
		17F89A7D1BB0649A00E2A615 /* Main.storyboard in Resources */ = {isa = PBXBuildFile; fileRef = 17F89A7B1BB0649A00E2A615 /* Main.storyboard */; };
		17F89A7F1BB0649A00E2A615 /* Assets.xcassets in Resources */ = {isa = PBXBuildFile; fileRef = 17F89A7E1BB0649A00E2A615 /* Assets.xcassets */; };
		17F89A8D1BB0649A00E2A615 /* classMatesTests.m in Sources */ = {isa = PBXBuildFile; fileRef = 17F89A8C1BB0649A00E2A615 /* classMatesTests.m */; };
		17F89A981BB0649A00E2A615 /* classMatesUITests.m in Sources */ = {isa = PBXBuildFile; fileRef = 17F89A971BB0649A00E2A615 /* classMatesUITests.m */; };
		C76B05CC933BB56A5DA2686A /* libPods.a in Frameworks */ = {isa = PBXBuildFile; fileRef = 73C25DA3EBA38E578313A513 /* libPods.a */; };
/* End PBXBuildFile section */

/* Begin PBXContainerItemProxy section */
		17F89A891BB0649A00E2A615 /* PBXContainerItemProxy */ = {
			isa = PBXContainerItemProxy;
			containerPortal = 17F89A671BB0649A00E2A615 /* Project object */;
			proxyType = 1;
			remoteGlobalIDString = 17F89A6E1BB0649A00E2A615;
			remoteInfo = classMates;
		};
		17F89A941BB0649A00E2A615 /* PBXContainerItemProxy */ = {
			isa = PBXContainerItemProxy;
			containerPortal = 17F89A671BB0649A00E2A615 /* Project object */;
			proxyType = 1;
			remoteGlobalIDString = 17F89A6E1BB0649A00E2A615;
			remoteInfo = classMates;
		};
/* End PBXContainerItemProxy section */

/* Begin PBXFileReference section */
		05D8CCF0F99219EA01E1905E /* Pods.debug.xcconfig */ = {isa = PBXFileReference; includeInIndex = 1; lastKnownFileType = text.xcconfig; name = Pods.debug.xcconfig; path = "Pods/Target Support Files/Pods/Pods.debug.xcconfig"; sourceTree = "<group>"; };
		171F1DDD1C0B748500BE1606 /* detailMeetingView.h */ = {isa = PBXFileReference; fileEncoding = 4; lastKnownFileType = sourcecode.c.h; path = detailMeetingView.h; sourceTree = "<group>"; };
		171F1DDE1C0B748500BE1606 /* detailMeetingView.m */ = {isa = PBXFileReference; fileEncoding = 4; lastKnownFileType = sourcecode.c.objc; path = detailMeetingView.m; sourceTree = "<group>"; };
		171F1DE01C0B749500BE1606 /* detailClassView.h */ = {isa = PBXFileReference; fileEncoding = 4; lastKnownFileType = sourcecode.c.h; path = detailClassView.h; sourceTree = "<group>"; };
		171F1DE11C0B749500BE1606 /* detailClassView.m */ = {isa = PBXFileReference; fileEncoding = 4; lastKnownFileType = sourcecode.c.objc; path = detailClassView.m; sourceTree = "<group>"; };
		171F1DE31C0B74AC00BE1606 /* detailMeetingView.xib */ = {isa = PBXFileReference; fileEncoding = 4; lastKnownFileType = file.xib; path = detailMeetingView.xib; sourceTree = "<group>"; };
		171F1DE51C0B74B400BE1606 /* detailClassView.xib */ = {isa = PBXFileReference; fileEncoding = 4; lastKnownFileType = file.xib; path = detailClassView.xib; sourceTree = "<group>"; };
		174C20241BE72DA000B51129 /* addMeetingView.h */ = {isa = PBXFileReference; fileEncoding = 4; lastKnownFileType = sourcecode.c.h; path = addMeetingView.h; sourceTree = "<group>"; };
		174C20251BE72DA000B51129 /* addMeetingView.m */ = {isa = PBXFileReference; fileEncoding = 4; lastKnownFileType = sourcecode.c.objc; path = addMeetingView.m; sourceTree = "<group>"; };
		174C20271BE7310700B51129 /* addMeetingView.xib */ = {isa = PBXFileReference; fileEncoding = 4; lastKnownFileType = file.xib; path = addMeetingView.xib; sourceTree = "<group>"; };
		174C202A1BE7C81900B51129 /* scheduleCell.xib */ = {isa = PBXFileReference; fileEncoding = 4; lastKnownFileType = file.xib; path = scheduleCell.xib; sourceTree = "<group>"; };
		174C202C1BE7C83900B51129 /* scheduleCell.h */ = {isa = PBXFileReference; fileEncoding = 4; lastKnownFileType = sourcecode.c.h; path = scheduleCell.h; sourceTree = "<group>"; };
		174C202D1BE7C83900B51129 /* scheduleCell.m */ = {isa = PBXFileReference; fileEncoding = 4; lastKnownFileType = sourcecode.c.objc; path = scheduleCell.m; sourceTree = "<group>"; };
		174C20321BE7CC0100B51129 /* meetingCell.h */ = {isa = PBXFileReference; fileEncoding = 4; lastKnownFileType = sourcecode.c.h; path = meetingCell.h; sourceTree = "<group>"; };
		174C20331BE7CC0100B51129 /* meetingCell.m */ = {isa = PBXFileReference; fileEncoding = 4; lastKnownFileType = sourcecode.c.objc; path = meetingCell.m; sourceTree = "<group>"; };
		178196501BD2DF7D00702C2D /* logIn.h */ = {isa = PBXFileReference; fileEncoding = 4; lastKnownFileType = sourcecode.c.h; path = logIn.h; sourceTree = "<group>"; };
		178196511BD2DF7D00702C2D /* logIn.m */ = {isa = PBXFileReference; fileEncoding = 4; lastKnownFileType = sourcecode.c.objc; path = logIn.m; sourceTree = "<group>"; };
		178196611BD2F53D00702C2D /* classMates-PrefixHeader.pch */ = {isa = PBXFileReference; lastKnownFileType = sourcecode.c.h; path = "classMates-PrefixHeader.pch"; sourceTree = "<group>"; };
		178196641BD2FBA100702C2D /* FBSDKCoreKit.framework */ = {isa = PBXFileReference; lastKnownFileType = wrapper.framework; name = FBSDKCoreKit.framework; path = classMates/FacebookFramework/FBSDKCoreKit.framework; sourceTree = "<group>"; };
		178196651BD2FBA100702C2D /* FBSDKLoginKit.framework */ = {isa = PBXFileReference; lastKnownFileType = wrapper.framework; name = FBSDKLoginKit.framework; path = classMates/FacebookFramework/FBSDKLoginKit.framework; sourceTree = "<group>"; };
		178196661BD2FBA200702C2D /* FBSDKShareKit.framework */ = {isa = PBXFileReference; lastKnownFileType = wrapper.framework; name = FBSDKShareKit.framework; path = classMates/FacebookFramework/FBSDKShareKit.framework; sourceTree = "<group>"; };
		1781966C1BD3472300702C2D /* Accounts.framework */ = {isa = PBXFileReference; lastKnownFileType = wrapper.framework; name = Accounts.framework; path = System/Library/Frameworks/Accounts.framework; sourceTree = SDKROOT; };
		17C4A1841BE67252005F8EAF /* schedule.h */ = {isa = PBXFileReference; fileEncoding = 4; lastKnownFileType = sourcecode.c.h; path = schedule.h; sourceTree = "<group>"; };
		17C4A1851BE67252005F8EAF /* schedule.m */ = {isa = PBXFileReference; fileEncoding = 4; lastKnownFileType = sourcecode.c.objc; path = schedule.m; sourceTree = "<group>"; };
		17C4A19D1BE6774E005F8EAF /* CLWeeklyCalendarView.h */ = {isa = PBXFileReference; fileEncoding = 4; lastKnownFileType = sourcecode.c.h; path = CLWeeklyCalendarView.h; sourceTree = "<group>"; };
		17C4A19E1BE6774E005F8EAF /* CLWeeklyCalendarView.m */ = {isa = PBXFileReference; fileEncoding = 4; lastKnownFileType = sourcecode.c.objc; path = CLWeeklyCalendarView.m; sourceTree = "<group>"; };
		17C4A19F1BE6774E005F8EAF /* DailyCalendarView.h */ = {isa = PBXFileReference; fileEncoding = 4; lastKnownFileType = sourcecode.c.h; path = DailyCalendarView.h; sourceTree = "<group>"; };
		17C4A1A01BE6774E005F8EAF /* DailyCalendarView.m */ = {isa = PBXFileReference; fileEncoding = 4; lastKnownFileType = sourcecode.c.objc; path = DailyCalendarView.m; sourceTree = "<group>"; };
		17C4A1A11BE6774E005F8EAF /* DayTitleLabel.h */ = {isa = PBXFileReference; fileEncoding = 4; lastKnownFileType = sourcecode.c.h; path = DayTitleLabel.h; sourceTree = "<group>"; };
		17C4A1A21BE6774E005F8EAF /* DayTitleLabel.m */ = {isa = PBXFileReference; fileEncoding = 4; lastKnownFileType = sourcecode.c.objc; path = DayTitleLabel.m; sourceTree = "<group>"; };
		17C4A1A31BE6774E005F8EAF /* NSDate+CL.h */ = {isa = PBXFileReference; fileEncoding = 4; lastKnownFileType = sourcecode.c.h; path = "NSDate+CL.h"; sourceTree = "<group>"; };
		17C4A1A41BE6774E005F8EAF /* NSDate+CL.m */ = {isa = PBXFileReference; fileEncoding = 4; lastKnownFileType = sourcecode.c.objc; path = "NSDate+CL.m"; sourceTree = "<group>"; };
		17C4A1A51BE6774E005F8EAF /* NSDictionary+CL.h */ = {isa = PBXFileReference; fileEncoding = 4; lastKnownFileType = sourcecode.c.h; path = "NSDictionary+CL.h"; sourceTree = "<group>"; };
		17C4A1A61BE6774E005F8EAF /* NSDictionary+CL.m */ = {isa = PBXFileReference; fileEncoding = 4; lastKnownFileType = sourcecode.c.objc; path = "NSDictionary+CL.m"; sourceTree = "<group>"; };
		17C4A1A71BE6774E005F8EAF /* UIColor+CL.h */ = {isa = PBXFileReference; fileEncoding = 4; lastKnownFileType = sourcecode.c.h; path = "UIColor+CL.h"; sourceTree = "<group>"; };
		17C4A1A81BE6774E005F8EAF /* UIColor+CL.m */ = {isa = PBXFileReference; fileEncoding = 4; lastKnownFileType = sourcecode.c.objc; path = "UIColor+CL.m"; sourceTree = "<group>"; };
		17C4A1A91BE6774E005F8EAF /* UIImage+CL.h */ = {isa = PBXFileReference; fileEncoding = 4; lastKnownFileType = sourcecode.c.h; path = "UIImage+CL.h"; sourceTree = "<group>"; };
		17C4A1AA1BE6774E005F8EAF /* UIImage+CL.m */ = {isa = PBXFileReference; fileEncoding = 4; lastKnownFileType = sourcecode.c.objc; path = "UIImage+CL.m"; sourceTree = "<group>"; };
		17C4A1B31BE67E08005F8EAF /* addClassView.h */ = {isa = PBXFileReference; fileEncoding = 4; lastKnownFileType = sourcecode.c.h; path = addClassView.h; sourceTree = "<group>"; };
		17C4A1B41BE67E08005F8EAF /* addClassView.m */ = {isa = PBXFileReference; fileEncoding = 4; lastKnownFileType = sourcecode.c.objc; path = addClassView.m; sourceTree = "<group>"; };
		17C4A1B61BE68331005F8EAF /* addClassView.xib */ = {isa = PBXFileReference; fileEncoding = 4; lastKnownFileType = file.xib; path = addClassView.xib; sourceTree = "<group>"; };
		17C4A1C71BE71DF3005F8EAF /* meetings.h */ = {isa = PBXFileReference; fileEncoding = 4; lastKnownFileType = sourcecode.c.h; path = meetings.h; sourceTree = "<group>"; };
		17C4A1C81BE71DF3005F8EAF /* meetings.m */ = {isa = PBXFileReference; fileEncoding = 4; lastKnownFileType = sourcecode.c.objc; path = meetings.m; sourceTree = "<group>"; };
		17F89A6F1BB0649A00E2A615 /* classMates.app */ = {isa = PBXFileReference; explicitFileType = wrapper.application; includeInIndex = 0; path = classMates.app; sourceTree = BUILT_PRODUCTS_DIR; };
		17F89A731BB0649A00E2A615 /* main.m */ = {isa = PBXFileReference; lastKnownFileType = sourcecode.c.objc; path = main.m; sourceTree = "<group>"; };
		17F89A751BB0649A00E2A615 /* AppDelegate.h */ = {isa = PBXFileReference; lastKnownFileType = sourcecode.c.h; path = AppDelegate.h; sourceTree = "<group>"; };
		17F89A761BB0649A00E2A615 /* AppDelegate.m */ = {isa = PBXFileReference; lastKnownFileType = sourcecode.c.objc; path = AppDelegate.m; sourceTree = "<group>"; };
		17F89A781BB0649A00E2A615 /* splashScreen.h */ = {isa = PBXFileReference; lastKnownFileType = sourcecode.c.h; path = splashScreen.h; sourceTree = "<group>"; };
		17F89A791BB0649A00E2A615 /* splashScreen.m */ = {isa = PBXFileReference; lastKnownFileType = sourcecode.c.objc; path = splashScreen.m; sourceTree = "<group>"; };
		17F89A7C1BB0649A00E2A615 /* Base */ = {isa = PBXFileReference; lastKnownFileType = file.storyboard; name = Base; path = Base.lproj/Main.storyboard; sourceTree = "<group>"; };
		17F89A7E1BB0649A00E2A615 /* Assets.xcassets */ = {isa = PBXFileReference; lastKnownFileType = folder.assetcatalog; path = Assets.xcassets; sourceTree = "<group>"; };
		17F89A831BB0649A00E2A615 /* Info.plist */ = {isa = PBXFileReference; lastKnownFileType = text.plist.xml; path = Info.plist; sourceTree = "<group>"; };
		17F89A881BB0649A00E2A615 /* classMatesTests.xctest */ = {isa = PBXFileReference; explicitFileType = wrapper.cfbundle; includeInIndex = 0; path = classMatesTests.xctest; sourceTree = BUILT_PRODUCTS_DIR; };
		17F89A8C1BB0649A00E2A615 /* classMatesTests.m */ = {isa = PBXFileReference; lastKnownFileType = sourcecode.c.objc; path = classMatesTests.m; sourceTree = "<group>"; };
		17F89A8E1BB0649A00E2A615 /* Info.plist */ = {isa = PBXFileReference; lastKnownFileType = text.plist.xml; path = Info.plist; sourceTree = "<group>"; };
		17F89A931BB0649A00E2A615 /* classMatesUITests.xctest */ = {isa = PBXFileReference; explicitFileType = wrapper.cfbundle; includeInIndex = 0; path = classMatesUITests.xctest; sourceTree = BUILT_PRODUCTS_DIR; };
		17F89A971BB0649A00E2A615 /* classMatesUITests.m */ = {isa = PBXFileReference; lastKnownFileType = sourcecode.c.objc; path = classMatesUITests.m; sourceTree = "<group>"; };
		17F89A991BB0649A00E2A615 /* Info.plist */ = {isa = PBXFileReference; lastKnownFileType = text.plist.xml; path = Info.plist; sourceTree = "<group>"; };
		4241D2E355DC2F2AB44A3534 /* Pods.release.xcconfig */ = {isa = PBXFileReference; includeInIndex = 1; lastKnownFileType = text.xcconfig; name = Pods.release.xcconfig; path = "Pods/Target Support Files/Pods/Pods.release.xcconfig"; sourceTree = "<group>"; };
		73C25DA3EBA38E578313A513 /* libPods.a */ = {isa = PBXFileReference; explicitFileType = archive.ar; includeInIndex = 0; path = libPods.a; sourceTree = BUILT_PRODUCTS_DIR; };
/* End PBXFileReference section */

/* Begin PBXFrameworksBuildPhase section */
		17F89A6C1BB0649A00E2A615 /* Frameworks */ = {
			isa = PBXFrameworksBuildPhase;
			buildActionMask = 2147483647;
			files = (
				1781966D1BD3472300702C2D /* Accounts.framework in Frameworks */,
				178196691BD2FBA200702C2D /* FBSDKShareKit.framework in Frameworks */,
				C76B05CC933BB56A5DA2686A /* libPods.a in Frameworks */,
				178196671BD2FBA200702C2D /* FBSDKCoreKit.framework in Frameworks */,
				178196681BD2FBA200702C2D /* FBSDKLoginKit.framework in Frameworks */,
			);
			runOnlyForDeploymentPostprocessing = 0;
		};
		17F89A851BB0649A00E2A615 /* Frameworks */ = {
			isa = PBXFrameworksBuildPhase;
			buildActionMask = 2147483647;
			files = (
			);
			runOnlyForDeploymentPostprocessing = 0;
		};
		17F89A901BB0649A00E2A615 /* Frameworks */ = {
			isa = PBXFrameworksBuildPhase;
			buildActionMask = 2147483647;
			files = (
			);
			runOnlyForDeploymentPostprocessing = 0;
		};
/* End PBXFrameworksBuildPhase section */

/* Begin PBXGroup section */
		1717854C1C0B694100C5580C /* Schedule */ = {
			isa = PBXGroup;
			children = (
				17C4A1841BE67252005F8EAF /* schedule.h */,
				17C4A1851BE67252005F8EAF /* schedule.m */,
				17C4A1B21BE67DEA005F8EAF /* Add Class View */,
				174C20291BE7C80900B51129 /* Schedule Cell */,
				171F1DDB1C0B745400BE1606 /* Detail Meeting View */,
				171F1DDC1C0B746200BE1606 /* Detail Class View */,
			);
			name = Schedule;
			sourceTree = "<group>";
		};
		171F1DDB1C0B745400BE1606 /* Detail Meeting View */ = {
			isa = PBXGroup;
			children = (
				171F1DDD1C0B748500BE1606 /* detailMeetingView.h */,
				171F1DDE1C0B748500BE1606 /* detailMeetingView.m */,
				171F1DE31C0B74AC00BE1606 /* detailMeetingView.xib */,
			);
			name = "Detail Meeting View";
			sourceTree = "<group>";
		};
		171F1DDC1C0B746200BE1606 /* Detail Class View */ = {
			isa = PBXGroup;
			children = (
				171F1DE01C0B749500BE1606 /* detailClassView.h */,
				171F1DE11C0B749500BE1606 /* detailClassView.m */,
				171F1DE51C0B74B400BE1606 /* detailClassView.xib */,
			);
			name = "Detail Class View";
			sourceTree = "<group>";
		};
		171F1DE71C0B75B600BE1606 /* Meetings Cell */ = {
			isa = PBXGroup;
			children = (
				174C20321BE7CC0100B51129 /* meetingCell.h */,
				174C20331BE7CC0100B51129 /* meetingCell.m */,
			);
			name = "Meetings Cell";
			sourceTree = "<group>";
		};
		174C201F1BE72A0C00B51129 /* Meetings */ = {
			isa = PBXGroup;
			children = (
				17C4A1C71BE71DF3005F8EAF /* meetings.h */,
				17C4A1C81BE71DF3005F8EAF /* meetings.m */,
				171F1DE71C0B75B600BE1606 /* Meetings Cell */,
				174C20231BE72D9000B51129 /* Add Meeting View */,
			);
			name = Meetings;
			sourceTree = "<group>";
		};
		174C20231BE72D9000B51129 /* Add Meeting View */ = {
			isa = PBXGroup;
			children = (
				174C20241BE72DA000B51129 /* addMeetingView.h */,
				174C20251BE72DA000B51129 /* addMeetingView.m */,
				174C20271BE7310700B51129 /* addMeetingView.xib */,
			);
			name = "Add Meeting View";
			sourceTree = "<group>";
		};
		174C20291BE7C80900B51129 /* Schedule Cell */ = {
			isa = PBXGroup;
			children = (
				174C202A1BE7C81900B51129 /* scheduleCell.xib */,
				174C202C1BE7C83900B51129 /* scheduleCell.h */,
				174C202D1BE7C83900B51129 /* scheduleCell.m */,
			);
			name = "Schedule Cell";
			sourceTree = "<group>";
		};
		1781964E1BD2DF4900702C2D /* Splash Screen */ = {
			isa = PBXGroup;
			children = (
				17F89A781BB0649A00E2A615 /* splashScreen.h */,
				17F89A791BB0649A00E2A615 /* splashScreen.m */,
			);
			name = "Splash Screen";
			sourceTree = "<group>";
		};
		1781964F1BD2DF5700702C2D /* Log In */ = {
			isa = PBXGroup;
			children = (
				178196501BD2DF7D00702C2D /* logIn.h */,
				178196511BD2DF7D00702C2D /* logIn.m */,
			);
			name = "Log In";
			sourceTree = "<group>";
		};
		17C4A1871BE676F9005F8EAF /* Github Calendar */ = {
			isa = PBXGroup;
			children = (
				17C4A19D1BE6774E005F8EAF /* CLWeeklyCalendarView.h */,
				17C4A19E1BE6774E005F8EAF /* CLWeeklyCalendarView.m */,
				17C4A19F1BE6774E005F8EAF /* DailyCalendarView.h */,
				17C4A1A01BE6774E005F8EAF /* DailyCalendarView.m */,
				17C4A1A11BE6774E005F8EAF /* DayTitleLabel.h */,
				17C4A1A21BE6774E005F8EAF /* DayTitleLabel.m */,
				17C4A1A31BE6774E005F8EAF /* NSDate+CL.h */,
				17C4A1A41BE6774E005F8EAF /* NSDate+CL.m */,
				17C4A1A51BE6774E005F8EAF /* NSDictionary+CL.h */,
				17C4A1A61BE6774E005F8EAF /* NSDictionary+CL.m */,
				17C4A1A71BE6774E005F8EAF /* UIColor+CL.h */,
				17C4A1A81BE6774E005F8EAF /* UIColor+CL.m */,
				17C4A1A91BE6774E005F8EAF /* UIImage+CL.h */,
				17C4A1AA1BE6774E005F8EAF /* UIImage+CL.m */,
			);
			name = "Github Calendar";
			sourceTree = "<group>";
		};
		17C4A1B21BE67DEA005F8EAF /* Add Class View */ = {
			isa = PBXGroup;
			children = (
				17C4A1B31BE67E08005F8EAF /* addClassView.h */,
				17C4A1B41BE67E08005F8EAF /* addClassView.m */,
				17C4A1B61BE68331005F8EAF /* addClassView.xib */,
			);
			name = "Add Class View";
			sourceTree = "<group>";
		};
		17F89A661BB0649A00E2A615 = {
			isa = PBXGroup;
			children = (
				17F89A711BB0649A00E2A615 /* classMates */,
				17F89A8B1BB0649A00E2A615 /* classMatesTests */,
				17F89A961BB0649A00E2A615 /* classMatesUITests */,
				17F89A701BB0649A00E2A615 /* Products */,
				FAF08F2CC04E0F82ED8F4F1B /* Pods */,
				79899ADA03EE38FBEC58EDA3 /* Frameworks */,
			);
			sourceTree = "<group>";
		};
		17F89A701BB0649A00E2A615 /* Products */ = {
			isa = PBXGroup;
			children = (
				17F89A6F1BB0649A00E2A615 /* classMates.app */,
				17F89A881BB0649A00E2A615 /* classMatesTests.xctest */,
				17F89A931BB0649A00E2A615 /* classMatesUITests.xctest */,
			);
			name = Products;
			sourceTree = "<group>";
		};
		17F89A711BB0649A00E2A615 /* classMates */ = {
			isa = PBXGroup;
			children = (
				17F89AA71BB064C600E2A615 /* Images */,
				17F89AA51BB064AE00E2A615 /* Storyboards */,
				17F89AA61BB064B900E2A615 /* App Delegate */,
				17C4A1871BE676F9005F8EAF /* Github Calendar */,
				17F89AA81BB064E800E2A615 /* Views */,
				17F89A831BB0649A00E2A615 /* Info.plist */,
				17F89A721BB0649A00E2A615 /* Supporting Files */,
			);
			path = classMates;
			sourceTree = "<group>";
		};
		17F89A721BB0649A00E2A615 /* Supporting Files */ = {
			isa = PBXGroup;
			children = (
				17F89A731BB0649A00E2A615 /* main.m */,
				178196611BD2F53D00702C2D /* classMates-PrefixHeader.pch */,
			);
			name = "Supporting Files";
			sourceTree = "<group>";
		};
		17F89A8B1BB0649A00E2A615 /* classMatesTests */ = {
			isa = PBXGroup;
			children = (
				17F89A8C1BB0649A00E2A615 /* classMatesTests.m */,
				17F89A8E1BB0649A00E2A615 /* Info.plist */,
			);
			path = classMatesTests;
			sourceTree = "<group>";
		};
		17F89A961BB0649A00E2A615 /* classMatesUITests */ = {
			isa = PBXGroup;
			children = (
				17F89A971BB0649A00E2A615 /* classMatesUITests.m */,
				17F89A991BB0649A00E2A615 /* Info.plist */,
			);
			path = classMatesUITests;
			sourceTree = "<group>";
		};
		17F89AA51BB064AE00E2A615 /* Storyboards */ = {
			isa = PBXGroup;
			children = (
				17F89A7B1BB0649A00E2A615 /* Main.storyboard */,
			);
			name = Storyboards;
			sourceTree = "<group>";
		};
		17F89AA61BB064B900E2A615 /* App Delegate */ = {
			isa = PBXGroup;
			children = (
				17F89A751BB0649A00E2A615 /* AppDelegate.h */,
				17F89A761BB0649A00E2A615 /* AppDelegate.m */,
			);
			name = "App Delegate";
			sourceTree = "<group>";
		};
		17F89AA71BB064C600E2A615 /* Images */ = {
			isa = PBXGroup;
			children = (
				17F89A7E1BB0649A00E2A615 /* Assets.xcassets */,
			);
			name = Images;
			sourceTree = "<group>";
		};
		17F89AA81BB064E800E2A615 /* Views */ = {
			isa = PBXGroup;
			children = (
				1781964E1BD2DF4900702C2D /* Splash Screen */,
				1781964F1BD2DF5700702C2D /* Log In */,
				174C201F1BE72A0C00B51129 /* Meetings */,
				1717854C1C0B694100C5580C /* Schedule */,
			);
			name = Views;
			sourceTree = "<group>";
		};
		79899ADA03EE38FBEC58EDA3 /* Frameworks */ = {
			isa = PBXGroup;
			children = (
				1781966C1BD3472300702C2D /* Accounts.framework */,
				178196641BD2FBA100702C2D /* FBSDKCoreKit.framework */,
				178196651BD2FBA100702C2D /* FBSDKLoginKit.framework */,
				178196661BD2FBA200702C2D /* FBSDKShareKit.framework */,
				73C25DA3EBA38E578313A513 /* libPods.a */,
			);
			name = Frameworks;
			sourceTree = "<group>";
		};
		FAF08F2CC04E0F82ED8F4F1B /* Pods */ = {
			isa = PBXGroup;
			children = (
				05D8CCF0F99219EA01E1905E /* Pods.debug.xcconfig */,
				4241D2E355DC2F2AB44A3534 /* Pods.release.xcconfig */,
			);
			name = Pods;
			sourceTree = "<group>";
		};
/* End PBXGroup section */

/* Begin PBXNativeTarget section */
		17F89A6E1BB0649A00E2A615 /* classMates */ = {
			isa = PBXNativeTarget;
			buildConfigurationList = 17F89A9C1BB0649A00E2A615 /* Build configuration list for PBXNativeTarget "classMates" */;
			buildPhases = (
				60726F5A98EC2F5F1238C0C2 /* Check Pods Manifest.lock */,
				17F89A6B1BB0649A00E2A615 /* Sources */,
				17F89A6C1BB0649A00E2A615 /* Frameworks */,
				17F89A6D1BB0649A00E2A615 /* Resources */,
				5329EF8D1A3A87931CA4CBC0 /* Embed Pods Frameworks */,
				A463B65601F80FEF03AE213E /* Copy Pods Resources */,
			);
			buildRules = (
			);
			dependencies = (
			);
			name = classMates;
			productName = classMates;
			productReference = 17F89A6F1BB0649A00E2A615 /* classMates.app */;
			productType = "com.apple.product-type.application";
		};
		17F89A871BB0649A00E2A615 /* classMatesTests */ = {
			isa = PBXNativeTarget;
			buildConfigurationList = 17F89A9F1BB0649A00E2A615 /* Build configuration list for PBXNativeTarget "classMatesTests" */;
			buildPhases = (
				17F89A841BB0649A00E2A615 /* Sources */,
				17F89A851BB0649A00E2A615 /* Frameworks */,
				17F89A861BB0649A00E2A615 /* Resources */,
			);
			buildRules = (
			);
			dependencies = (
				17F89A8A1BB0649A00E2A615 /* PBXTargetDependency */,
			);
			name = classMatesTests;
			productName = classMatesTests;
			productReference = 17F89A881BB0649A00E2A615 /* classMatesTests.xctest */;
			productType = "com.apple.product-type.bundle.unit-test";
		};
		17F89A921BB0649A00E2A615 /* classMatesUITests */ = {
			isa = PBXNativeTarget;
			buildConfigurationList = 17F89AA21BB0649A00E2A615 /* Build configuration list for PBXNativeTarget "classMatesUITests" */;
			buildPhases = (
				17F89A8F1BB0649A00E2A615 /* Sources */,
				17F89A901BB0649A00E2A615 /* Frameworks */,
				17F89A911BB0649A00E2A615 /* Resources */,
			);
			buildRules = (
			);
			dependencies = (
				17F89A951BB0649A00E2A615 /* PBXTargetDependency */,
			);
			name = classMatesUITests;
			productName = classMatesUITests;
			productReference = 17F89A931BB0649A00E2A615 /* classMatesUITests.xctest */;
			productType = "com.apple.product-type.bundle.ui-testing";
		};
/* End PBXNativeTarget section */

/* Begin PBXProject section */
		17F89A671BB0649A00E2A615 /* Project object */ = {
			isa = PBXProject;
			attributes = {
				LastUpgradeCheck = 0700;
				ORGANIZATIONNAME = "GT - CS 4261";
				TargetAttributes = {
					17F89A6E1BB0649A00E2A615 = {
						CreatedOnToolsVersion = 7.0;
						DevelopmentTeam = RN7R2KXWS4;
					};
					17F89A871BB0649A00E2A615 = {
						CreatedOnToolsVersion = 7.0;
						TestTargetID = 17F89A6E1BB0649A00E2A615;
					};
					17F89A921BB0649A00E2A615 = {
						CreatedOnToolsVersion = 7.0;
						TestTargetID = 17F89A6E1BB0649A00E2A615;
					};
				};
			};
			buildConfigurationList = 17F89A6A1BB0649A00E2A615 /* Build configuration list for PBXProject "classMates" */;
			compatibilityVersion = "Xcode 3.2";
			developmentRegion = English;
			hasScannedForEncodings = 0;
			knownRegions = (
				en,
				Base,
			);
			mainGroup = 17F89A661BB0649A00E2A615;
			productRefGroup = 17F89A701BB0649A00E2A615 /* Products */;
			projectDirPath = "";
			projectRoot = "";
			targets = (
				17F89A6E1BB0649A00E2A615 /* classMates */,
				17F89A871BB0649A00E2A615 /* classMatesTests */,
				17F89A921BB0649A00E2A615 /* classMatesUITests */,
			);
		};
/* End PBXProject section */

/* Begin PBXResourcesBuildPhase section */
		17F89A6D1BB0649A00E2A615 /* Resources */ = {
			isa = PBXResourcesBuildPhase;
			buildActionMask = 2147483647;
			files = (
				174C20281BE7310700B51129 /* addMeetingView.xib in Resources */,
				171F1DE61C0B74B400BE1606 /* detailClassView.xib in Resources */,
				17F89A7F1BB0649A00E2A615 /* Assets.xcassets in Resources */,
				17C4A1B71BE68331005F8EAF /* addClassView.xib in Resources */,
				174C202B1BE7C81900B51129 /* scheduleCell.xib in Resources */,
				17F89A7D1BB0649A00E2A615 /* Main.storyboard in Resources */,
				171F1DE41C0B74AC00BE1606 /* detailMeetingView.xib in Resources */,
			);
			runOnlyForDeploymentPostprocessing = 0;
		};
		17F89A861BB0649A00E2A615 /* Resources */ = {
			isa = PBXResourcesBuildPhase;
			buildActionMask = 2147483647;
			files = (
			);
			runOnlyForDeploymentPostprocessing = 0;
		};
		17F89A911BB0649A00E2A615 /* Resources */ = {
			isa = PBXResourcesBuildPhase;
			buildActionMask = 2147483647;
			files = (
			);
			runOnlyForDeploymentPostprocessing = 0;
		};
/* End PBXResourcesBuildPhase section */

/* Begin PBXShellScriptBuildPhase section */
		5329EF8D1A3A87931CA4CBC0 /* Embed Pods Frameworks */ = {
			isa = PBXShellScriptBuildPhase;
			buildActionMask = 2147483647;
			files = (
			);
			inputPaths = (
			);
			name = "Embed Pods Frameworks";
			outputPaths = (
			);
			runOnlyForDeploymentPostprocessing = 0;
			shellPath = /bin/sh;
			shellScript = "\"${SRCROOT}/Pods/Target Support Files/Pods/Pods-frameworks.sh\"\n";
			showEnvVarsInLog = 0;
		};
		60726F5A98EC2F5F1238C0C2 /* Check Pods Manifest.lock */ = {
			isa = PBXShellScriptBuildPhase;
			buildActionMask = 2147483647;
			files = (
			);
			inputPaths = (
			);
			name = "Check Pods Manifest.lock";
			outputPaths = (
			);
			runOnlyForDeploymentPostprocessing = 0;
			shellPath = /bin/sh;
			shellScript = "diff \"${PODS_ROOT}/../Podfile.lock\" \"${PODS_ROOT}/Manifest.lock\" > /dev/null\nif [[ $? != 0 ]] ; then\n    cat << EOM\nerror: The sandbox is not in sync with the Podfile.lock. Run 'pod install' or update your CocoaPods installation.\nEOM\n    exit 1\nfi\n";
			showEnvVarsInLog = 0;
		};
		A463B65601F80FEF03AE213E /* Copy Pods Resources */ = {
			isa = PBXShellScriptBuildPhase;
			buildActionMask = 2147483647;
			files = (
			);
			inputPaths = (
			);
			name = "Copy Pods Resources";
			outputPaths = (
			);
			runOnlyForDeploymentPostprocessing = 0;
			shellPath = /bin/sh;
			shellScript = "\"${SRCROOT}/Pods/Target Support Files/Pods/Pods-resources.sh\"\n";
			showEnvVarsInLog = 0;
		};
/* End PBXShellScriptBuildPhase section */

/* Begin PBXSourcesBuildPhase section */
		17F89A6B1BB0649A00E2A615 /* Sources */ = {
			isa = PBXSourcesBuildPhase;
			buildActionMask = 2147483647;
			files = (
				17C4A1B01BE6774E005F8EAF /* UIColor+CL.m in Sources */,
				17C4A1C91BE71DF3005F8EAF /* meetings.m in Sources */,
				17C4A1AE1BE6774E005F8EAF /* NSDate+CL.m in Sources */,
				171F1DDF1C0B748500BE1606 /* detailMeetingView.m in Sources */,
				17C4A1AC1BE6774E005F8EAF /* DailyCalendarView.m in Sources */,
				17F89A7A1BB0649A00E2A615 /* splashScreen.m in Sources */,
				171F1DE21C0B749500BE1606 /* detailClassView.m in Sources */,
				17C4A1AD1BE6774E005F8EAF /* DayTitleLabel.m in Sources */,
				17F89A771BB0649A00E2A615 /* AppDelegate.m in Sources */,
				17F89A741BB0649A00E2A615 /* main.m in Sources */,
				174C202E1BE7C83900B51129 /* scheduleCell.m in Sources */,
				178196521BD2DF7D00702C2D /* logIn.m in Sources */,
				17C4A1B51BE67E08005F8EAF /* addClassView.m in Sources */,
				174C20261BE72DA000B51129 /* addMeetingView.m in Sources */,
				174C20341BE7CC0100B51129 /* meetingCell.m in Sources */,
				17C4A1AF1BE6774E005F8EAF /* NSDictionary+CL.m in Sources */,
				17C4A1AB1BE6774E005F8EAF /* CLWeeklyCalendarView.m in Sources */,
				17C4A1B11BE6774E005F8EAF /* UIImage+CL.m in Sources */,
				17C4A1861BE67252005F8EAF /* schedule.m in Sources */,
			);
			runOnlyForDeploymentPostprocessing = 0;
		};
		17F89A841BB0649A00E2A615 /* Sources */ = {
			isa = PBXSourcesBuildPhase;
			buildActionMask = 2147483647;
			files = (
				17F89A8D1BB0649A00E2A615 /* classMatesTests.m in Sources */,
			);
			runOnlyForDeploymentPostprocessing = 0;
		};
		17F89A8F1BB0649A00E2A615 /* Sources */ = {
			isa = PBXSourcesBuildPhase;
			buildActionMask = 2147483647;
			files = (
				17F89A981BB0649A00E2A615 /* classMatesUITests.m in Sources */,
			);
			runOnlyForDeploymentPostprocessing = 0;
		};
/* End PBXSourcesBuildPhase section */

/* Begin PBXTargetDependency section */
		17F89A8A1BB0649A00E2A615 /* PBXTargetDependency */ = {
			isa = PBXTargetDependency;
			target = 17F89A6E1BB0649A00E2A615 /* classMates */;
			targetProxy = 17F89A891BB0649A00E2A615 /* PBXContainerItemProxy */;
		};
		17F89A951BB0649A00E2A615 /* PBXTargetDependency */ = {
			isa = PBXTargetDependency;
			target = 17F89A6E1BB0649A00E2A615 /* classMates */;
			targetProxy = 17F89A941BB0649A00E2A615 /* PBXContainerItemProxy */;
		};
/* End PBXTargetDependency section */

/* Begin PBXVariantGroup section */
		17F89A7B1BB0649A00E2A615 /* Main.storyboard */ = {
			isa = PBXVariantGroup;
			children = (
				17F89A7C1BB0649A00E2A615 /* Base */,
			);
			name = Main.storyboard;
			sourceTree = "<group>";
		};
/* End PBXVariantGroup section */

/* Begin XCBuildConfiguration section */
		17F89A9A1BB0649A00E2A615 /* Debug */ = {
			isa = XCBuildConfiguration;
			buildSettings = {
				ALWAYS_SEARCH_USER_PATHS = NO;
				CLANG_CXX_LANGUAGE_STANDARD = "gnu++0x";
				CLANG_CXX_LIBRARY = "libc++";
				CLANG_ENABLE_MODULES = YES;
				CLANG_ENABLE_OBJC_ARC = YES;
				CLANG_WARN_BOOL_CONVERSION = YES;
				CLANG_WARN_CONSTANT_CONVERSION = YES;
				CLANG_WARN_DIRECT_OBJC_ISA_USAGE = YES_ERROR;
				CLANG_WARN_EMPTY_BODY = YES;
				CLANG_WARN_ENUM_CONVERSION = YES;
				CLANG_WARN_INT_CONVERSION = YES;
				CLANG_WARN_OBJC_ROOT_CLASS = YES_ERROR;
				CLANG_WARN_UNREACHABLE_CODE = YES;
				CLANG_WARN__DUPLICATE_METHOD_MATCH = YES;
				"CODE_SIGN_IDENTITY[sdk=iphoneos*]" = "iPhone Developer";
				COPY_PHASE_STRIP = NO;
				DEBUG_INFORMATION_FORMAT = dwarf;
				ENABLE_STRICT_OBJC_MSGSEND = YES;
				ENABLE_TESTABILITY = YES;
				GCC_C_LANGUAGE_STANDARD = gnu99;
				GCC_DYNAMIC_NO_PIC = NO;
				GCC_NO_COMMON_BLOCKS = YES;
				GCC_OPTIMIZATION_LEVEL = 0;
				GCC_PREPROCESSOR_DEFINITIONS = (
					"DEBUG=1",
					"$(inherited)",
				);
				GCC_WARN_64_TO_32_BIT_CONVERSION = YES;
				GCC_WARN_ABOUT_RETURN_TYPE = YES_ERROR;
				GCC_WARN_UNDECLARED_SELECTOR = YES;
				GCC_WARN_UNINITIALIZED_AUTOS = YES_AGGRESSIVE;
				GCC_WARN_UNUSED_FUNCTION = YES;
				GCC_WARN_UNUSED_VARIABLE = YES;
				IPHONEOS_DEPLOYMENT_TARGET = 9.0;
				MTL_ENABLE_DEBUG_INFO = YES;
				ONLY_ACTIVE_ARCH = YES;
				SDKROOT = iphoneos;
			};
			name = Debug;
		};
		17F89A9B1BB0649A00E2A615 /* Release */ = {
			isa = XCBuildConfiguration;
			buildSettings = {
				ALWAYS_SEARCH_USER_PATHS = NO;
				CLANG_CXX_LANGUAGE_STANDARD = "gnu++0x";
				CLANG_CXX_LIBRARY = "libc++";
				CLANG_ENABLE_MODULES = YES;
				CLANG_ENABLE_OBJC_ARC = YES;
				CLANG_WARN_BOOL_CONVERSION = YES;
				CLANG_WARN_CONSTANT_CONVERSION = YES;
				CLANG_WARN_DIRECT_OBJC_ISA_USAGE = YES_ERROR;
				CLANG_WARN_EMPTY_BODY = YES;
				CLANG_WARN_ENUM_CONVERSION = YES;
				CLANG_WARN_INT_CONVERSION = YES;
				CLANG_WARN_OBJC_ROOT_CLASS = YES_ERROR;
				CLANG_WARN_UNREACHABLE_CODE = YES;
				CLANG_WARN__DUPLICATE_METHOD_MATCH = YES;
				"CODE_SIGN_IDENTITY[sdk=iphoneos*]" = "iPhone Developer";
				COPY_PHASE_STRIP = NO;
				DEBUG_INFORMATION_FORMAT = "dwarf-with-dsym";
				ENABLE_NS_ASSERTIONS = NO;
				ENABLE_STRICT_OBJC_MSGSEND = YES;
				GCC_C_LANGUAGE_STANDARD = gnu99;
				GCC_NO_COMMON_BLOCKS = YES;
				GCC_WARN_64_TO_32_BIT_CONVERSION = YES;
				GCC_WARN_ABOUT_RETURN_TYPE = YES_ERROR;
				GCC_WARN_UNDECLARED_SELECTOR = YES;
				GCC_WARN_UNINITIALIZED_AUTOS = YES_AGGRESSIVE;
				GCC_WARN_UNUSED_FUNCTION = YES;
				GCC_WARN_UNUSED_VARIABLE = YES;
				IPHONEOS_DEPLOYMENT_TARGET = 9.0;
				MTL_ENABLE_DEBUG_INFO = NO;
				SDKROOT = iphoneos;
				VALIDATE_PRODUCT = YES;
			};
			name = Release;
		};
		17F89A9D1BB0649A00E2A615 /* Debug */ = {
			isa = XCBuildConfiguration;
			baseConfigurationReference = 05D8CCF0F99219EA01E1905E /* Pods.debug.xcconfig */;
			buildSettings = {
				ASSETCATALOG_COMPILER_APPICON_NAME = AppIcon;
				CODE_SIGN_IDENTITY = "iPhone Developer";
				FRAMEWORK_SEARCH_PATHS = (
					"$(inherited)",
					"\"${PODS_ROOT}/QuickBlox\"",
					"$(PROJECT_DIR)/classMates/FacebookFramework",
				);
				GCC_PREFIX_HEADER = "$(PROJECT_DIR)/classMates/classMates-PrefixHeader.pch";
				HEADER_SEARCH_PATHS = (
					/usr/include/libxml2,
					"$(inherited)",
					"\"${PODS_ROOT}/Headers/Public\"",
					"\"${PODS_ROOT}/Headers/Public/QuickBlox\"",
				);
				INFOPLIST_FILE = classMates/Info.plist;
				IPHONEOS_DEPLOYMENT_TARGET = 8.3;
				LD_RUNPATH_SEARCH_PATHS = "$(inherited) @executable_path/Frameworks";
				PRODUCT_BUNDLE_IDENTIFIER = self.edu.classMates;
				PRODUCT_NAME = "$(TARGET_NAME)";
			};
			name = Debug;
		};
		17F89A9E1BB0649A00E2A615 /* Release */ = {
			isa = XCBuildConfiguration;
			baseConfigurationReference = 4241D2E355DC2F2AB44A3534 /* Pods.release.xcconfig */;
			buildSettings = {
				ASSETCATALOG_COMPILER_APPICON_NAME = AppIcon;
				CODE_SIGN_IDENTITY = "iPhone Developer";
				FRAMEWORK_SEARCH_PATHS = (
					"$(inherited)",
					"\"${PODS_ROOT}/QuickBlox\"",
					"$(PROJECT_DIR)/classMates/FacebookFramework",
				);
				GCC_PREFIX_HEADER = "$(PROJECT_DIR)/classMates/classMates-PrefixHeader.pch";
				HEADER_SEARCH_PATHS = (
					/usr/include/libxml2,
					"$(inherited)",
					"\"${PODS_ROOT}/Headers/Public\"",
					"\"${PODS_ROOT}/Headers/Public/QuickBlox\"",
				);
				INFOPLIST_FILE = classMates/Info.plist;
				IPHONEOS_DEPLOYMENT_TARGET = 8.3;
				LD_RUNPATH_SEARCH_PATHS = "$(inherited) @executable_path/Frameworks";
				PRODUCT_BUNDLE_IDENTIFIER = self.edu.classMates;
				PRODUCT_NAME = "$(TARGET_NAME)";
			};
			name = Release;
		};
		17F89AA01BB0649A00E2A615 /* Debug */ = {
			isa = XCBuildConfiguration;
			buildSettings = {
				BUNDLE_LOADER = "$(TEST_HOST)";
				INFOPLIST_FILE = classMatesTests/Info.plist;
				LD_RUNPATH_SEARCH_PATHS = "$(inherited) @executable_path/Frameworks @loader_path/Frameworks";
				PRODUCT_BUNDLE_IDENTIFIER = self.edu.classMatesTests;
				PRODUCT_NAME = "$(TARGET_NAME)";
				TEST_HOST = "$(BUILT_PRODUCTS_DIR)/classMates.app/classMates";
			};
			name = Debug;
		};
		17F89AA11BB0649A00E2A615 /* Release */ = {
			isa = XCBuildConfiguration;
			buildSettings = {
				BUNDLE_LOADER = "$(TEST_HOST)";
				INFOPLIST_FILE = classMatesTests/Info.plist;
				LD_RUNPATH_SEARCH_PATHS = "$(inherited) @executable_path/Frameworks @loader_path/Frameworks";
				PRODUCT_BUNDLE_IDENTIFIER = self.edu.classMatesTests;
				PRODUCT_NAME = "$(TARGET_NAME)";
				TEST_HOST = "$(BUILT_PRODUCTS_DIR)/classMates.app/classMates";
			};
			name = Release;
		};
		17F89AA31BB0649A00E2A615 /* Debug */ = {
			isa = XCBuildConfiguration;
			buildSettings = {
				INFOPLIST_FILE = classMatesUITests/Info.plist;
				LD_RUNPATH_SEARCH_PATHS = "$(inherited) @executable_path/Frameworks @loader_path/Frameworks";
				PRODUCT_BUNDLE_IDENTIFIER = self.edu.classMatesUITests;
				PRODUCT_NAME = "$(TARGET_NAME)";
				TEST_TARGET_NAME = classMates;
				USES_XCTRUNNER = YES;
			};
			name = Debug;
		};
		17F89AA41BB0649A00E2A615 /* Release */ = {
			isa = XCBuildConfiguration;
			buildSettings = {
				INFOPLIST_FILE = classMatesUITests/Info.plist;
				LD_RUNPATH_SEARCH_PATHS = "$(inherited) @executable_path/Frameworks @loader_path/Frameworks";
				PRODUCT_BUNDLE_IDENTIFIER = self.edu.classMatesUITests;
				PRODUCT_NAME = "$(TARGET_NAME)";
				TEST_TARGET_NAME = classMates;
				USES_XCTRUNNER = YES;
			};
			name = Release;
		};
/* End XCBuildConfiguration section */

/* Begin XCConfigurationList section */
		17F89A6A1BB0649A00E2A615 /* Build configuration list for PBXProject "classMates" */ = {
			isa = XCConfigurationList;
			buildConfigurations = (
				17F89A9A1BB0649A00E2A615 /* Debug */,
				17F89A9B1BB0649A00E2A615 /* Release */,
			);
			defaultConfigurationIsVisible = 0;
			defaultConfigurationName = Release;
		};
		17F89A9C1BB0649A00E2A615 /* Build configuration list for PBXNativeTarget "classMates" */ = {
			isa = XCConfigurationList;
			buildConfigurations = (
				17F89A9D1BB0649A00E2A615 /* Debug */,
				17F89A9E1BB0649A00E2A615 /* Release */,
			);
			defaultConfigurationIsVisible = 0;
			defaultConfigurationName = Release;
		};
		17F89A9F1BB0649A00E2A615 /* Build configuration list for PBXNativeTarget "classMatesTests" */ = {
			isa = XCConfigurationList;
			buildConfigurations = (
				17F89AA01BB0649A00E2A615 /* Debug */,
				17F89AA11BB0649A00E2A615 /* Release */,
			);
			defaultConfigurationIsVisible = 0;
			defaultConfigurationName = Release;
		};
		17F89AA21BB0649A00E2A615 /* Build configuration list for PBXNativeTarget "classMatesUITests" */ = {
			isa = XCConfigurationList;
			buildConfigurations = (
				17F89AA31BB0649A00E2A615 /* Debug */,
				17F89AA41BB0649A00E2A615 /* Release */,
			);
			defaultConfigurationIsVisible = 0;
			defaultConfigurationName = Release;
		};
/* End XCConfigurationList section */
	};
	rootObject = 17F89A671BB0649A00E2A615 /* Project object */;
}
